
Microsoft Visual Studio Solution File, Format Version 12.00
# Visual Studio Version 17
VisualStudioVersion = 17.0.32014.148
MinimumVisualStudioVersion = 10.0.40219.1
Project("{FAE04EC0-301F-11D3-BF4B-00C04F79EFBC}") = "Apiconsumption", "Apiconsumption\Apiconsumption.csproj", "{21A2C0C6-AC2B-4390-BD73-C6D8AF12CE97}"
EndProject
Global
	GlobalSection(SolutionConfigurationPlatforms) = preSolution
		Debug|Any CPU = Debug|Any CPU
		Release|Any CPU = Release|Any CPU
	EndGlobalSection
	GlobalSection(ProjectConfigurationPlatforms) = postSolution
		{21A2C0C6-AC2B-4390-BD73-C6D8AF12CE97}.Debug|Any CPU.ActiveCfg = Debug|Any CPU
		{21A2C0C6-AC2B-4390-BD73-C6D8AF12CE97}.Debug|Any CPU.Build.0 = Debug|Any CPU
		{21A2C0C6-AC2B-4390-BD73-C6D8AF12CE97}.Release|Any CPU.ActiveCfg = Release|Any CPU
		{21A2C0C6-AC2B-4390-BD73-C6D8AF12CE97}.Release|Any CPU.Build.0 = Release|Any CPU
	EndGlobalSection
	GlobalSection(SolutionProperties) = preSolution
		HideSolutionNode = FALSE
	EndGlobalSection
	GlobalSection(ExtensibilityGlobals) = postSolution
		SolutionGuid = {73E63F55-E781-4F92-AD32-1A340769D5FA}
	EndGlobalSection
EndGlobal
